# This file was autogenerated by Stack.
# You should not edit this file by hand.
# For more information, please see the documentation at:
#   https://docs.haskellstack.org/en/stable/lock_files

packages:
- completed:
    hackage: Unique-0.4.7.8@sha256:9661f45aa31dde119a2114566166ea38b011a45653337045ee4ced75636533c0,2067
    pantry-tree:
      size: 1366
      sha256: ad77421b187b6b70b073603dca9e63869893d5e6376714f448e56b7326235f40
  original:
    hackage: Unique-0.4.7.8
snapshots:
- completed:
    size: 533252
    url: https://raw.githubusercontent.com/commercialhaskell/stackage-snapshots/master/lts/16/27.yaml
    sha256: c2aaae52beeacf6a5727c1010f50e89d03869abfab6d2c2658ade9da8ed50c73
  original: lts-16.27
